PODS:
  - Shake (15.1.0)
  - SideMenu (6.5.0)

DEPENDENCIES:
  - Shake (= 15.1.0)
  - SideMenu (~> 6.0)

SPEC REPOS:
  trunk:
    - Shake
    - SideMenu

SPEC CHECKSUMS:
  Shake: a8621acdcf70761843b0f12f28bb090467c9f064
  SideMenu: f583187d21c5b1dd04c72002be544b555a2627a2

PODFILE CHECKSUM: cf8670ae364779d45244464c98ed96bdf4adccbf

COCOAPODS: 1.11.2
